
Microsoft Visual Studio Solution File, Format Version 12.00
# Visual Studio Version 16
VisualStudioVersion = 16.0.31702.278
MinimumVisualStudioVersion = 10.0.40219.1
Project("{8BC9CEB8-8B4A-11D0-8D11-00A0C91BC942}") = "Sandbox", "Sandbox\Sandbox.vcxproj", "{612A8AFF-66FA-48E3-99D3-0FF97564CF09}"
EndProject
Project("{8BC9CEB8-8B4A-11D0-8D11-00A0C91BC942}") = "gengine", "gengine\gengine.vcxproj", "{8E222918-4754-4613-84BF-3EE0A8FC8260}"
EndProject
Project("{8BC9CEB8-8B4A-11D0-8D11-00A0C91BC942}") = "glfw", "gengine\module\glfw\glfw.vcxproj", "{6B81BD75-0F75-3025-A6D2-92246D92503F}"
EndProject
Global
	GlobalSection(SolutionConfigurationPlatforms) = preSolution
		Debug|x64 = Debug|x64
		Release|x64 = Release|x64
	EndGlobalSection
	GlobalSection(ProjectConfigurationPlatforms) = postSolution
		{6B81BD75-0F75-3025-A6D2-92246D92503F}.Debug|x64.ActiveCfg = Debug|x64
		{6B81BD75-0F75-3025-A6D2-92246D92503F}.Debug|x64.Build.0 = Debug|x64
		{6B81BD75-0F75-3025-A6D2-92246D92503F}.Release|x64.ActiveCfg = Release|x64
		{6B81BD75-0F75-3025-A6D2-92246D92503F}.Release|x64.Build.0 = Release|x64
		{8E222918-4754-4613-84BF-3EE0A8FC8260}.Debug|x64.ActiveCfg = Debug|x64
		{8E222918-4754-4613-84BF-3EE0A8FC8260}.Debug|x64.Build.0 = Debug|x64
		{8E222918-4754-4613-84BF-3EE0A8FC8260}.Release|x64.ActiveCfg = Release|x64
		{8E222918-4754-4613-84BF-3EE0A8FC8260}.Release|x64.Build.0 = Release|x64
		{612A8AFF-66FA-48E3-99D3-0FF97564CF09}.Debug|x64.ActiveCfg = Debug|x64
		{612A8AFF-66FA-48E3-99D3-0FF97564CF09}.Debug|x64.Build.0 = Debug|x64
		{612A8AFF-66FA-48E3-99D3-0FF97564CF09}.Release|x64.ActiveCfg = Release|x64
		{612A8AFF-66FA-48E3-99D3-0FF97564CF09}.Release|x64.Build.0 = Release|x64
	EndGlobalSection
	GlobalSection(SolutionProperties) = preSolution
		HideSolutionNode = FALSE
	EndGlobalSection
	GlobalSection(ExtensibilityGlobals) = postSolution
		SolutionGuid = {5BE3A40F-E626-4D9C-B10A-E267E6658DE1}
	EndGlobalSection
EndGlobal
